
Microsoft Visual Studio Solution File, Format Version 12.00
# Visual Studio Version 16
VisualStudioVersion = 16.0.31005.135
MinimumVisualStudioVersion = 10.0.40219.1
Project("{9A19103F-16F7-4668-BE54-9A1E7A4F7556}") = "TheShop", "TheShop\TheShop.csproj", "{7E5A5867-8690-480D-9F19-E82434B8C916}"
EndProject
Project("{9A19103F-16F7-4668-BE54-9A1E7A4F7556}") = "TheShop.Dal.InMemory", "TheShop.Dal\TheShop.Dal.InMemory.csproj", "{E8F9DCBE-B2D0-4621-9BA6-F1F67CD31E9E}"
EndProject
Project("{9A19103F-16F7-4668-BE54-9A1E7A4F7556}") = "TheShop.Domain", "TheShop.Domain\TheShop.Domain.csproj", "{748ABB9B-E8D0-434E-B0FD-A8C889496058}"
EndProject
Project("{9A19103F-16F7-4668-BE54-9A1E7A4F7556}") = "TheShop.TheClient", "TheShop.TheClient\TheShop.TheClient.csproj", "{61932F36-23E7-408A-A333-2249A7ED4269}"
EndProject
Project("{2150E333-8FDC-42A3-9474-1A3956D46DE8}") = "Tests", "Tests", "{D177D5A1-2B4D-4D78-99FA-9D55F9F378F1}"
EndProject
Project("{9A19103F-16F7-4668-BE54-9A1E7A4F7556}") = "TheShop.Services", "TheShop.Services\TheShop.Services.csproj", "{6DA430D0-0466-49D9-B379-629CFFD5413F}"
EndProject
Project("{FAE04EC0-301F-11D3-BF4B-00C04F79EFBC}") = "TheShop.Domain.Tests", "TheShop.Domain.Tests\TheShop.Domain.Tests.csproj", "{4094C03D-A4E3-41A7-A45F-1F8A0BD3A485}"
EndProject
Project("{FAE04EC0-301F-11D3-BF4B-00C04F79EFBC}") = "TheShop.Dal.Tests", "TheShop.Dal.Tests\TheShop.Dal.Tests.csproj", "{4EF183FD-6530-47F5-9658-22589D64432C}"
EndProject
Global
	GlobalSection(SolutionConfigurationPlatforms) = preSolution
		Debug|Any CPU = Debug|Any CPU
		Release|Any CPU = Release|Any CPU
	EndGlobalSection
	GlobalSection(ProjectConfigurationPlatforms) = postSolution
		{7E5A5867-8690-480D-9F19-E82434B8C916}.Debug|Any CPU.ActiveCfg = Debug|Any CPU
		{7E5A5867-8690-480D-9F19-E82434B8C916}.Debug|Any CPU.Build.0 = Debug|Any CPU
		{7E5A5867-8690-480D-9F19-E82434B8C916}.Release|Any CPU.ActiveCfg = Release|Any CPU
		{7E5A5867-8690-480D-9F19-E82434B8C916}.Release|Any CPU.Build.0 = Release|Any CPU
		{E8F9DCBE-B2D0-4621-9BA6-F1F67CD31E9E}.Debug|Any CPU.ActiveCfg = Debug|Any CPU
		{E8F9DCBE-B2D0-4621-9BA6-F1F67CD31E9E}.Debug|Any CPU.Build.0 = Debug|Any CPU
		{E8F9DCBE-B2D0-4621-9BA6-F1F67CD31E9E}.Release|Any CPU.ActiveCfg = Release|Any CPU
		{E8F9DCBE-B2D0-4621-9BA6-F1F67CD31E9E}.Release|Any CPU.Build.0 = Release|Any CPU
		{748ABB9B-E8D0-434E-B0FD-A8C889496058}.Debug|Any CPU.ActiveCfg = Debug|Any CPU
		{748ABB9B-E8D0-434E-B0FD-A8C889496058}.Debug|Any CPU.Build.0 = Debug|Any CPU
		{748ABB9B-E8D0-434E-B0FD-A8C889496058}.Release|Any CPU.ActiveCfg = Release|Any CPU
		{748ABB9B-E8D0-434E-B0FD-A8C889496058}.Release|Any CPU.Build.0 = Release|Any CPU
		{61932F36-23E7-408A-A333-2249A7ED4269}.Debug|Any CPU.ActiveCfg = Debug|Any CPU
		{61932F36-23E7-408A-A333-2249A7ED4269}.Debug|Any CPU.Build.0 = Debug|Any CPU
		{61932F36-23E7-408A-A333-2249A7ED4269}.Release|Any CPU.ActiveCfg = Release|Any CPU
		{61932F36-23E7-408A-A333-2249A7ED4269}.Release|Any CPU.Build.0 = Release|Any CPU
		{6DA430D0-0466-49D9-B379-629CFFD5413F}.Debug|Any CPU.ActiveCfg = Debug|Any CPU
		{6DA430D0-0466-49D9-B379-629CFFD5413F}.Debug|Any CPU.Build.0 = Debug|Any CPU
		{6DA430D0-0466-49D9-B379-629CFFD5413F}.Release|Any CPU.ActiveCfg = Release|Any CPU
		{6DA430D0-0466-49D9-B379-629CFFD5413F}.Release|Any CPU.Build.0 = Release|Any CPU
		{4094C03D-A4E3-41A7-A45F-1F8A0BD3A485}.Debug|Any CPU.ActiveCfg = Debug|Any CPU
		{4094C03D-A4E3-41A7-A45F-1F8A0BD3A485}.Debug|Any CPU.Build.0 = Debug|Any CPU
		{4094C03D-A4E3-41A7-A45F-1F8A0BD3A485}.Release|Any CPU.ActiveCfg = Release|Any CPU
		{4094C03D-A4E3-41A7-A45F-1F8A0BD3A485}.Release|Any CPU.Build.0 = Release|Any CPU
		{4EF183FD-6530-47F5-9658-22589D64432C}.Debug|Any CPU.ActiveCfg = Debug|Any CPU
		{4EF183FD-6530-47F5-9658-22589D64432C}.Debug|Any CPU.Build.0 = Debug|Any CPU
		{4EF183FD-6530-47F5-9658-22589D64432C}.Release|Any CPU.ActiveCfg = Release|Any CPU
		{4EF183FD-6530-47F5-9658-22589D64432C}.Release|Any CPU.Build.0 = Release|Any CPU
	EndGlobalSection
	GlobalSection(SolutionProperties) = preSolution
		HideSolutionNode = FALSE
	EndGlobalSection
	GlobalSection(NestedProjects) = preSolution
		{4094C03D-A4E3-41A7-A45F-1F8A0BD3A485} = {D177D5A1-2B4D-4D78-99FA-9D55F9F378F1}
		{4EF183FD-6530-47F5-9658-22589D64432C} = {D177D5A1-2B4D-4D78-99FA-9D55F9F378F1}
	EndGlobalSection
	GlobalSection(ExtensibilityGlobals) = postSolution
		SolutionGuid = {EC5A0C55-B095-4013-8790-DB8BB08BE52A}
	EndGlobalSection
EndGlobal
